
Microsoft Visual Studio Solution File, Format Version 12.00
# Visual Studio Version 17
VisualStudioVersion = 17.8.34330.188
MinimumVisualStudioVersion = 10.0.40219.1
Project("{FAE04EC0-301F-11D3-BF4B-00C04F79EFBC}") = "WebApplication3", "WebApplication3\WebApplication3.csproj", "{93D040AC-9ABC-485C-B433-71DCF44F7565}"
EndProject
Global
	GlobalSection(SolutionConfigurationPlatforms) = preSolution
		Debug|Any CPU = Debug|Any CPU
		Release|Any CPU = Release|Any CPU
	EndGlobalSection
	GlobalSection(ProjectConfigurationPlatforms) = postSolution
		{93D040AC-9ABC-485C-B433-71DCF44F7565}.Debug|Any CPU.ActiveCfg = Debug|Any CPU
		{93D040AC-9ABC-485C-B433-71DCF44F7565}.Debug|Any CPU.Build.0 = Debug|Any CPU
		{93D040AC-9ABC-485C-B433-71DCF44F7565}.Release|Any CPU.ActiveCfg = Release|Any CPU
		{93D040AC-9ABC-485C-B433-71DCF44F7565}.Release|Any CPU.Build.0 = Release|Any CPU
	EndGlobalSection
	GlobalSection(SolutionProperties) = preSolution
		HideSolutionNode = FALSE
	EndGlobalSection
	GlobalSection(ExtensibilityGlobals) = postSolution
		SolutionGuid = {B177ADE5-4940-4BF3-9A9B-97F465094B38}
	EndGlobalSection
EndGlobal
